
Microsoft Visual Studio Solution File, Format Version 12.00
# Visual Studio 15
VisualStudioVersion = 15.0.27004.2002
MinimumVisualStudioVersion = 10.0.40219.1
Project("{9A19103F-16F7-4668-BE54-9A1E7A4F7556}") = "MagicConchBot", "MagicConchBot\MagicConchBot.csproj", "{B1577538-1733-44EA-812C-8BABC6FDF5DE}"
EndProject
Project("{E53339B2-1760-4266-BCC7-CA923CBCF16C}") = "docker-compose", "docker-compose.dcproj", "{3B91E137-FA36-427C-A49A-02949A97903D}"
EndProject
Project("{9A19103F-16F7-4668-BE54-9A1E7A4F7556}") = "MagicConchBot.App", "MagicConchBot.App\MagicConchBot.App.csproj", "{D18BE3AF-77AD-4233-9261-0CAF9743BA03}"
EndProject
Global
	GlobalSection(SolutionConfigurationPlatforms) = preSolution
		Debug|Any CPU = Debug|Any CPU
		Debug|x64 = Debug|x64
		Release|Any CPU = Release|Any CPU
		Release|x64 = Release|x64
	EndGlobalSection
	GlobalSection(ProjectConfigurationPlatforms) = postSolution
		{B1577538-1733-44EA-812C-8BABC6FDF5DE}.Debug|Any CPU.ActiveCfg = Debug|Any CPU
		{B1577538-1733-44EA-812C-8BABC6FDF5DE}.Debug|Any CPU.Build.0 = Debug|Any CPU
		{B1577538-1733-44EA-812C-8BABC6FDF5DE}.Debug|x64.ActiveCfg = Debug|Any CPU
		{B1577538-1733-44EA-812C-8BABC6FDF5DE}.Debug|x64.Build.0 = Debug|Any CPU
		{B1577538-1733-44EA-812C-8BABC6FDF5DE}.Release|Any CPU.ActiveCfg = Release|Any CPU
		{B1577538-1733-44EA-812C-8BABC6FDF5DE}.Release|Any CPU.Build.0 = Release|Any CPU
		{B1577538-1733-44EA-812C-8BABC6FDF5DE}.Release|x64.ActiveCfg = Release|Any CPU
		{B1577538-1733-44EA-812C-8BABC6FDF5DE}.Release|x64.Build.0 = Release|Any CPU
		{3B91E137-FA36-427C-A49A-02949A97903D}.Debug|Any CPU.ActiveCfg = Debug|Any CPU
		{3B91E137-FA36-427C-A49A-02949A97903D}.Debug|Any CPU.Build.0 = Debug|Any CPU
		{3B91E137-FA36-427C-A49A-02949A97903D}.Debug|x64.ActiveCfg = Debug|Any CPU
		{3B91E137-FA36-427C-A49A-02949A97903D}.Debug|x64.Build.0 = Debug|Any CPU
		{3B91E137-FA36-427C-A49A-02949A97903D}.Release|Any CPU.ActiveCfg = Release|Any CPU
		{3B91E137-FA36-427C-A49A-02949A97903D}.Release|Any CPU.Build.0 = Release|Any CPU
		{3B91E137-FA36-427C-A49A-02949A97903D}.Release|x64.ActiveCfg = Release|Any CPU
		{3B91E137-FA36-427C-A49A-02949A97903D}.Release|x64.Build.0 = Release|Any CPU
		{D18BE3AF-77AD-4233-9261-0CAF9743BA03}.Debug|Any CPU.ActiveCfg = Debug|Any CPU
		{D18BE3AF-77AD-4233-9261-0CAF9743BA03}.Debug|Any CPU.Build.0 = Debug|Any CPU
		{D18BE3AF-77AD-4233-9261-0CAF9743BA03}.Debug|x64.ActiveCfg = Debug|Any CPU
		{D18BE3AF-77AD-4233-9261-0CAF9743BA03}.Debug|x64.Build.0 = Debug|Any CPU
		{D18BE3AF-77AD-4233-9261-0CAF9743BA03}.Release|Any CPU.ActiveCfg = Release|Any CPU
		{D18BE3AF-77AD-4233-9261-0CAF9743BA03}.Release|Any CPU.Build.0 = Release|Any CPU
		{D18BE3AF-77AD-4233-9261-0CAF9743BA03}.Release|x64.ActiveCfg = Release|Any CPU
		{D18BE3AF-77AD-4233-9261-0CAF9743BA03}.Release|x64.Build.0 = Release|Any CPU
	EndGlobalSection
	GlobalSection(SolutionProperties) = preSolution
		HideSolutionNode = FALSE
	EndGlobalSection
	GlobalSection(ExtensibilityGlobals) = postSolution
		SolutionGuid = {CB8E82E9-EC5A-4DEE-8E96-8D869E0AEE5C}
	EndGlobalSection
	GlobalSection(Performance) = preSolution
		HasPerformanceSessions = true
	EndGlobalSection
EndGlobal
